
Microsoft Visual Studio Solution File, Format Version 12.00
# Visual Studio Version 17
VisualStudioVersion = 17.6.33723.286
MinimumVisualStudioVersion = 10.0.40219.1
Project("{FAE04EC0-301F-11D3-BF4B-00C04F79EFBC}") = "baithiDMAWS", "baithiDMAWS.csproj", "{5A293B85-C440-41B9-A912-86FB31E5457B}"
EndProject
Global
	GlobalSection(SolutionConfigurationPlatforms) = preSolution
		Debug|Any CPU = Debug|Any CPU
		Release|Any CPU = Release|Any CPU
	EndGlobalSection
	GlobalSection(ProjectConfigurationPlatforms) = postSolution
		{5A293B85-C440-41B9-A912-86FB31E5457B}.Debug|Any CPU.ActiveCfg = Debug|Any CPU
		{5A293B85-C440-41B9-A912-86FB31E5457B}.Debug|Any CPU.Build.0 = Debug|Any CPU
		{5A293B85-C440-41B9-A912-86FB31E5457B}.Release|Any CPU.ActiveCfg = Release|Any CPU
		{5A293B85-C440-41B9-A912-86FB31E5457B}.Release|Any CPU.Build.0 = Release|Any CPU
	EndGlobalSection
	GlobalSection(SolutionProperties) = preSolution
		HideSolutionNode = FALSE
	EndGlobalSection
	GlobalSection(ExtensibilityGlobals) = postSolution
		SolutionGuid = {F85DE39A-4A90-44DC-A7B9-5E19670FD595}
	EndGlobalSection
EndGlobal
